
Microsoft Visual Studio Solution File, Format Version 12.00
# Visual Studio Version 17
VisualStudioVersion = 17.14.37710.0 d17.14
MinimumVisualStudioVersion = 10.0.40219.1
Project("{8BC9CEB8-8B4A-11D0-8D11-00A0C91BC942}") = "Limits", "Limits.vcxproj", "{00F6C4D6-DB16-4798-9898-807F22F87C25}"
EndProject
Global
	GlobalSection(SolutionConfigurationPlatforms) = preSolution
		Debug|x64 = Debug|x64
		Debug|x86 = Debug|x86
		Release|x64 = Release|x64
		Release|x86 = Release|x86
	EndGlobalSection
	GlobalSection(ProjectConfigurationPlatforms) = postSolution
		{00F6C4D6-DB16-4798-9898-807F22F87C25}.Debug|x64.ActiveCfg = Debug|x64
		{00F6C4D6-DB16-4798-9898-807F22F87C25}.Debug|x64.Build.0 = Debug|x64
		{00F6C4D6-DB16-4798-9898-807F22F87C25}.Debug|x86.ActiveCfg = Debug|Win32
		{00F6C4D6-DB16-4798-9898-807F22F87C25}.Debug|x86.Build.0 = Debug|Win32
		{00F6C4D6-DB16-4798-9898-807F22F87C25}.Release|x64.ActiveCfg = Release|x64
		{00F6C4D6-DB16-4798-9898-807F22F87C25}.Release|x64.Build.0 = Release|x64
		{00F6C4D6-DB16-4798-9898-807F22F87C25}.Release|x86.ActiveCfg = Release|Win32
		{00F6C4D6-DB16-4798-9898-807F22F87C25}.Release|x86.Build.0 = Release|Win32
	EndGlobalSection
	GlobalSection(SolutionProperties) = preSolution
		HideSolutionNode = FALSE
	EndGlobalSection
	GlobalSection(ExtensibilityGlobals) = postSolution
		SolutionGuid = {C3671655-F25E-4825-A1E7-60E07A7CEDF7}
	EndGlobalSection
EndGlobal
