
Microsoft Visual Studio Solution File, Format Version 12.00
# Visual Studio Version 17
VisualStudioVersion = 17.14.37710.0 d17.14
MinimumVisualStudioVersion = 10.0.40219.1
Project("{8BC9CEB8-8B4A-11D0-8D11-00A0C91BC942}") = "Sum With Do-While", "Sum With Do-While.vcxproj", "{69894512-D9C1-4F64-BA12-BFC6B393B333}"
EndProject
Global
	GlobalSection(SolutionConfigurationPlatforms) = preSolution
		Debug|x64 = Debug|x64
		Debug|x86 = Debug|x86
		Release|x64 = Release|x64
		Release|x86 = Release|x86
	EndGlobalSection
	GlobalSection(ProjectConfigurationPlatforms) = postSolution
		{69894512-D9C1-4F64-BA12-BFC6B393B333}.Debug|x64.ActiveCfg = Debug|x64
		{69894512-D9C1-4F64-BA12-BFC6B393B333}.Debug|x64.Build.0 = Debug|x64
		{69894512-D9C1-4F64-BA12-BFC6B393B333}.Debug|x86.ActiveCfg = Debug|Win32
		{69894512-D9C1-4F64-BA12-BFC6B393B333}.Debug|x86.Build.0 = Debug|Win32
		{69894512-D9C1-4F64-BA12-BFC6B393B333}.Release|x64.ActiveCfg = Release|x64
		{69894512-D9C1-4F64-BA12-BFC6B393B333}.Release|x64.Build.0 = Release|x64
		{69894512-D9C1-4F64-BA12-BFC6B393B333}.Release|x86.ActiveCfg = Release|Win32
		{69894512-D9C1-4F64-BA12-BFC6B393B333}.Release|x86.Build.0 = Release|Win32
	EndGlobalSection
	GlobalSection(SolutionProperties) = preSolution
		HideSolutionNode = FALSE
	EndGlobalSection
	GlobalSection(ExtensibilityGlobals) = postSolution
		SolutionGuid = {5ED4DF80-BBB1-44B2-A128-BD4A9D61C592}
	EndGlobalSection
EndGlobal
